
Microsoft Visual Studio Solution File, Format Version 12.00
# Visual Studio 15
VisualStudioVersion = 15.0.27703.2042
MinimumVisualStudioVersion = 10.0.40219.1
Project("{FAE04EC0-301F-11D3-BF4B-00C04F79EFBC}") = "SimpleServer", "SimpleServer\SimpleServer.csproj", "{176EAC9F-7832-4E14-81E2-AA80E8B4DEAB}"
EndProject
Global
	GlobalSection(SolutionConfigurationPlatforms) = preSolution
		Debug|Any CPU = Debug|Any CPU
		Release|Any CPU = Release|Any CPU
	EndGlobalSection
	GlobalSection(ProjectConfigurationPlatforms) = postSolution
		{176EAC9F-7832-4E14-81E2-AA80E8B4DEAB}.Debug|Any CPU.ActiveCfg = Debug|Any CPU
		{176EAC9F-7832-4E14-81E2-AA80E8B4DEAB}.Debug|Any CPU.Build.0 = Debug|Any CPU
		{176EAC9F-7832-4E14-81E2-AA80E8B4DEAB}.Release|Any CPU.ActiveCfg = Release|Any CPU
		{176EAC9F-7832-4E14-81E2-AA80E8B4DEAB}.Release|Any CPU.Build.0 = Release|Any CPU
	EndGlobalSection
	GlobalSection(SolutionProperties) = preSolution
		HideSolutionNode = FALSE
	EndGlobalSection
	GlobalSection(ExtensibilityGlobals) = postSolution
		SolutionGuid = {40EE689D-8693-45A0-8ED1-1515EEA1230A}
	EndGlobalSection
EndGlobal
